
Microsoft Visual Studio Solution File, Format Version 12.00
# Visual Studio Version 17
VisualStudioVersion = 17.0.31903.59
MinimumVisualStudioVersion = 10.0.40219.1
Project("{2150E333-8FDC-42A3-9474-1A3956D46DE8}") = "src", "src", "{CC4B53B7-5346-47F0-BBB2-D2E800A167C7}"
EndProject
Project("{FAE04EC0-301F-11D3-BF4B-00C04F79EFBC}") = "AuctionService", "src\AuctionService\AuctionService.csproj", "{1E60AAB9-23BE-4826-93D8-7FE233687D91}"
EndProject
Project("{FAE04EC0-301F-11D3-BF4B-00C04F79EFBC}") = "SearchService", "src\SearchService\SearchService.csproj", "{4C8AEBB7-BFCC-4364-886B-6B60A61088EB}"
EndProject
Project("{FAE04EC0-301F-11D3-BF4B-00C04F79EFBC}") = "Contracts", "src\Contracts\Contracts.csproj", "{98198B4F-94C8-41FE-8632-DE120BEF673E}"
EndProject
Project("{FAE04EC0-301F-11D3-BF4B-00C04F79EFBC}") = "IdentityService", "src\IdentityService\IdentityService.csproj", "{7EAAB6C4-5344-4BA4-83C6-637E24FAF256}"
EndProject
Project("{FAE04EC0-301F-11D3-BF4B-00C04F79EFBC}") = "GatewayService", "src\GatewayService\GatewayService.csproj", "{88FA5BCE-BE07-481C-A60B-1F635146C8EB}"
EndProject
Project("{FAE04EC0-301F-11D3-BF4B-00C04F79EFBC}") = "BiddingService", "src\BiddingService\BiddingService.csproj", "{36E834E3-24A3-4D54-840C-A1D0396EF9AD}"
EndProject
Project("{FAE04EC0-301F-11D3-BF4B-00C04F79EFBC}") = "NotificationService", "src\NotificationService\NotificationService.csproj", "{49F88273-87EF-4846-AACF-443EEC481AAF}"
EndProject
Global
	GlobalSection(SolutionConfigurationPlatforms) = preSolution
		Debug|Any CPU = Debug|Any CPU
		Release|Any CPU = Release|Any CPU
	EndGlobalSection
	GlobalSection(SolutionProperties) = preSolution
		HideSolutionNode = FALSE
	EndGlobalSection
	GlobalSection(ProjectConfigurationPlatforms) = postSolution
		{1E60AAB9-23BE-4826-93D8-7FE233687D91}.Debug|Any CPU.ActiveCfg = Debug|Any CPU
		{1E60AAB9-23BE-4826-93D8-7FE233687D91}.Debug|Any CPU.Build.0 = Debug|Any CPU
		{1E60AAB9-23BE-4826-93D8-7FE233687D91}.Release|Any CPU.ActiveCfg = Release|Any CPU
		{1E60AAB9-23BE-4826-93D8-7FE233687D91}.Release|Any CPU.Build.0 = Release|Any CPU
		{4C8AEBB7-BFCC-4364-886B-6B60A61088EB}.Debug|Any CPU.ActiveCfg = Debug|Any CPU
		{4C8AEBB7-BFCC-4364-886B-6B60A61088EB}.Debug|Any CPU.Build.0 = Debug|Any CPU
		{4C8AEBB7-BFCC-4364-886B-6B60A61088EB}.Release|Any CPU.ActiveCfg = Release|Any CPU
		{4C8AEBB7-BFCC-4364-886B-6B60A61088EB}.Release|Any CPU.Build.0 = Release|Any CPU
		{98198B4F-94C8-41FE-8632-DE120BEF673E}.Debug|Any CPU.ActiveCfg = Debug|Any CPU
		{98198B4F-94C8-41FE-8632-DE120BEF673E}.Debug|Any CPU.Build.0 = Debug|Any CPU
		{98198B4F-94C8-41FE-8632-DE120BEF673E}.Release|Any CPU.ActiveCfg = Release|Any CPU
		{98198B4F-94C8-41FE-8632-DE120BEF673E}.Release|Any CPU.Build.0 = Release|Any CPU
		{7EAAB6C4-5344-4BA4-83C6-637E24FAF256}.Debug|Any CPU.ActiveCfg = Debug|Any CPU
		{7EAAB6C4-5344-4BA4-83C6-637E24FAF256}.Debug|Any CPU.Build.0 = Debug|Any CPU
		{7EAAB6C4-5344-4BA4-83C6-637E24FAF256}.Release|Any CPU.ActiveCfg = Release|Any CPU
		{7EAAB6C4-5344-4BA4-83C6-637E24FAF256}.Release|Any CPU.Build.0 = Release|Any CPU
		{88FA5BCE-BE07-481C-A60B-1F635146C8EB}.Debug|Any CPU.ActiveCfg = Debug|Any CPU
		{88FA5BCE-BE07-481C-A60B-1F635146C8EB}.Debug|Any CPU.Build.0 = Debug|Any CPU
		{88FA5BCE-BE07-481C-A60B-1F635146C8EB}.Release|Any CPU.ActiveCfg = Release|Any CPU
		{88FA5BCE-BE07-481C-A60B-1F635146C8EB}.Release|Any CPU.Build.0 = Release|Any CPU
		{36E834E3-24A3-4D54-840C-A1D0396EF9AD}.Debug|Any CPU.ActiveCfg = Debug|Any CPU
		{36E834E3-24A3-4D54-840C-A1D0396EF9AD}.Debug|Any CPU.Build.0 = Debug|Any CPU
		{36E834E3-24A3-4D54-840C-A1D0396EF9AD}.Release|Any CPU.ActiveCfg = Release|Any CPU
		{36E834E3-24A3-4D54-840C-A1D0396EF9AD}.Release|Any CPU.Build.0 = Release|Any CPU
		{49F88273-87EF-4846-AACF-443EEC481AAF}.Debug|Any CPU.ActiveCfg = Debug|Any CPU
		{49F88273-87EF-4846-AACF-443EEC481AAF}.Debug|Any CPU.Build.0 = Debug|Any CPU
		{49F88273-87EF-4846-AACF-443EEC481AAF}.Release|Any CPU.ActiveCfg = Release|Any CPU
		{49F88273-87EF-4846-AACF-443EEC481AAF}.Release|Any CPU.Build.0 = Release|Any CPU
	EndGlobalSection
	GlobalSection(NestedProjects) = preSolution
		{1E60AAB9-23BE-4826-93D8-7FE233687D91} = {CC4B53B7-5346-47F0-BBB2-D2E800A167C7}
		{4C8AEBB7-BFCC-4364-886B-6B60A61088EB} = {CC4B53B7-5346-47F0-BBB2-D2E800A167C7}
		{98198B4F-94C8-41FE-8632-DE120BEF673E} = {CC4B53B7-5346-47F0-BBB2-D2E800A167C7}
		{7EAAB6C4-5344-4BA4-83C6-637E24FAF256} = {CC4B53B7-5346-47F0-BBB2-D2E800A167C7}
		{88FA5BCE-BE07-481C-A60B-1F635146C8EB} = {CC4B53B7-5346-47F0-BBB2-D2E800A167C7}
		{36E834E3-24A3-4D54-840C-A1D0396EF9AD} = {CC4B53B7-5346-47F0-BBB2-D2E800A167C7}
		{49F88273-87EF-4846-AACF-443EEC481AAF} = {CC4B53B7-5346-47F0-BBB2-D2E800A167C7}
	EndGlobalSection
EndGlobal
